
Microsoft Visual Studio Solution File, Format Version 12.00
# Visual Studio Version 17
VisualStudioVersion = 17.13.35617.110
MinimumVisualStudioVersion = 10.0.40219.1
Project("{FAE04EC0-301F-11D3-BF4B-00C04F79EFBC}") = "MedicInPoint", "MedicInPoint\MedicInPoint.csproj", "{0032B8D1-C249-4E87-92BB-EB48D8544005}"
EndProject
Project("{FAE04EC0-301F-11D3-BF4B-00C04F79EFBC}") = "MIP.LocalDB", "MIP.LocalDB\MIP.LocalDB.csproj", "{B8E7C048-3D99-4D10-92E5-A4D6DE9256E9}"
EndProject
Project("{FAE04EC0-301F-11D3-BF4B-00C04F79EFBC}") = "Medic.Theme", "Medic.Theme\Medic.Theme.csproj", "{75135962-2B78-4E39-A626-7979C27A19CD}"
EndProject
Global
	GlobalSection(SolutionConfigurationPlatforms) = preSolution
		Debug|Any CPU = Debug|Any CPU
		Release|Any CPU = Release|Any CPU
	EndGlobalSection
	GlobalSection(ProjectConfigurationPlatforms) = postSolution
		{0032B8D1-C249-4E87-92BB-EB48D8544005}.Debug|Any CPU.ActiveCfg = Debug|Any CPU
		{0032B8D1-C249-4E87-92BB-EB48D8544005}.Debug|Any CPU.Build.0 = Debug|Any CPU
		{0032B8D1-C249-4E87-92BB-EB48D8544005}.Release|Any CPU.ActiveCfg = Release|Any CPU
		{0032B8D1-C249-4E87-92BB-EB48D8544005}.Release|Any CPU.Build.0 = Release|Any CPU
		{B8E7C048-3D99-4D10-92E5-A4D6DE9256E9}.Debug|Any CPU.ActiveCfg = Debug|Any CPU
		{B8E7C048-3D99-4D10-92E5-A4D6DE9256E9}.Debug|Any CPU.Build.0 = Debug|Any CPU
		{B8E7C048-3D99-4D10-92E5-A4D6DE9256E9}.Release|Any CPU.ActiveCfg = Release|Any CPU
		{B8E7C048-3D99-4D10-92E5-A4D6DE9256E9}.Release|Any CPU.Build.0 = Release|Any CPU
		{75135962-2B78-4E39-A626-7979C27A19CD}.Debug|Any CPU.ActiveCfg = Debug|Any CPU
		{75135962-2B78-4E39-A626-7979C27A19CD}.Debug|Any CPU.Build.0 = Debug|Any CPU
		{75135962-2B78-4E39-A626-7979C27A19CD}.Release|Any CPU.ActiveCfg = Release|Any CPU
		{75135962-2B78-4E39-A626-7979C27A19CD}.Release|Any CPU.Build.0 = Release|Any CPU
	EndGlobalSection
	GlobalSection(SolutionProperties) = preSolution
		HideSolutionNode = FALSE
	EndGlobalSection
	GlobalSection(ExtensibilityGlobals) = postSolution
		SolutionGuid = {E4A48B07-7F9E-42B9-9770-572CFCBB61CE}
	EndGlobalSection
EndGlobal
